// !$*UTF8*$!
{
	archiveVersion = 1;
	classes = {
	};
	objectVersion = 55;
	objects = {

/* Begin PBXBuildFile section */
		656DC6992DDE206F00304E7B /* main.swift in Sources */ = {isa = PBXBuildFile; fileRef = 656DC6982DDE206F00304E7B /* main.swift */; };
		65BCE0DB2DDE306B002B55A6 /* Models.swift in Sources */ = {isa = PBXBuildFile; fileRef = 65BCE0DA2DDE306B002B55A6 /* Models.swift */; };
		65BCE0DF2DDE40EF002B55A6 /* AppIcon.icns in Resources */ = {isa = PBXBuildFile; fileRef = 65BCE0DE2DDE40EF002B55A6 /* AppIcon.icns */; };
		65F7D2BF2DDE1EE100171243 /* AppDelegate.swift in Sources */ = {isa = PBXBuildFile; fileRef = 65F7D2BE2DDE1EE100171243 /* AppDelegate.swift */; };
		65F7D2C12DDE1EE100171243 /* ViewController.swift in Sources */ = {isa = PBXBuildFile; fileRef = 65F7D2C02DDE1EE100171243 /* ViewController.swift */; };
		65F7D2C32DDE1EE200171243 /* Assets.xcassets in Resources */ = {isa = PBXBuildFile; fileRef = 65F7D2C22DDE1EE200171243 /* Assets.xcassets */; };
		65F7D2CE2DDE1F6B00171243 /* GraphView.swift in Sources */ = {isa = PBXBuildFile; fileRef = 65F7D2CD2DDE1F6B00171243 /* GraphView.swift */; };
/* End PBXBuildFile section */

/* Begin PBXFileReference section */
		656DC6982DDE206F00304E7B /* main.swift */ = {isa = PBXFileReference; lastKnownFileType = sourcecode.swift; path = main.swift; sourceTree = "<group>"; };
		65BCE0DA2DDE306B002B55A6 /* Models.swift */ = {isa = PBXFileReference; lastKnownFileType = sourcecode.swift; path = Models.swift; sourceTree = "<group>"; };
		65BCE0DE2DDE40EF002B55A6 /* AppIcon.icns */ = {isa = PBXFileReference; lastKnownFileType = image.icns; path = AppIcon.icns; sourceTree = "<group>"; };
		65BCE0E02DDE431A002B55A6 /* Info.plist */ = {isa = PBXFileReference; lastKnownFileType = text.plist; path = Info.plist; sourceTree = "<group>"; };
		65F7D2BB2DDE1EE100171243 /* StockPriceChart.app */ = {isa = PBXFileReference; explicitFileType = wrapper.application; includeInIndex = 0; path = StockPriceChart.app; sourceTree = BUILT_PRODUCTS_DIR; };
		65F7D2BE2DDE1EE100171243 /* AppDelegate.swift */ = {isa = PBXFileReference; lastKnownFileType = sourcecode.swift; path = AppDelegate.swift; sourceTree = "<group>"; };
		65F7D2C02DDE1EE100171243 /* ViewController.swift */ = {isa = PBXFileReference; lastKnownFileType = sourcecode.swift; path = ViewController.swift; sourceTree = "<group>"; };
		65F7D2C22DDE1EE200171243 /* Assets.xcassets */ = {isa = PBXFileReference; lastKnownFileType = folder.assetcatalog; path = Assets.xcassets; sourceTree = "<group>"; };
		65F7D2C72DDE1EE200171243 /* StockPriceChart.entitlements */ = {isa = PBXFileReference; lastKnownFileType = text.plist.entitlements; path = StockPriceChart.entitlements; sourceTree = "<group>"; };
		65F7D2CD2DDE1F6B00171243 /* GraphView.swift */ = {isa = PBXFileReference; lastKnownFileType = sourcecode.swift; path = GraphView.swift; sourceTree = "<group>"; };
/* End PBXFileReference section */

/* Begin PBXFrameworksBuildPhase section */
		65F7D2B82DDE1EE100171243 /* Frameworks */ = {
			isa = PBXFrameworksBuildPhase;
			buildActionMask = 2147483647;
			files = (
			);
			runOnlyForDeploymentPostprocessing = 0;
		};
/* End PBXFrameworksBuildPhase section */

/* Begin PBXGroup section */
		65F7D2B22DDE1EE100171243 = {
			isa = PBXGroup;
			children = (
				65F7D2BD2DDE1EE100171243 /* StockPriceChart */,
				65F7D2BC2DDE1EE100171243 /* Products */,
			);
			sourceTree = "<group>";
		};
		65F7D2BC2DDE1EE100171243 /* Products */ = {
			isa = PBXGroup;
			children = (
				65F7D2BB2DDE1EE100171243 /* StockPriceChart.app */,
			);
			name = Products;
			sourceTree = "<group>";
		};
		65F7D2BD2DDE1EE100171243 /* StockPriceChart */ = {
			isa = PBXGroup;
			children = (
				65BCE0E02DDE431A002B55A6 /* Info.plist */,
				65F7D2BE2DDE1EE100171243 /* AppDelegate.swift */,
				65BCE0DA2DDE306B002B55A6 /* Models.swift */,
				656DC6982DDE206F00304E7B /* main.swift */,
				65F7D2CD2DDE1F6B00171243 /* GraphView.swift */,
				65F7D2C02DDE1EE100171243 /* ViewController.swift */,
				65BCE0DE2DDE40EF002B55A6 /* AppIcon.icns */,
				65F7D2C22DDE1EE200171243 /* Assets.xcassets */,
				65F7D2C72DDE1EE200171243 /* StockPriceChart.entitlements */,
			);
			path = StockPriceChart;
			sourceTree = "<group>";
		};
/* End PBXGroup section */

/* Begin PBXNativeTarget section */
		65F7D2BA2DDE1EE100171243 /* StockPriceChart */ = {
			isa = PBXNativeTarget;
			buildConfigurationList = 65F7D2CA2DDE1EE200171243 /* Build configuration list for PBXNativeTarget "StockPriceChart" */;
			buildPhases = (
				65F7D2B72DDE1EE100171243 /* Sources */,
				65F7D2B82DDE1EE100171243 /* Frameworks */,
				65F7D2B92DDE1EE100171243 /* Resources */,
			);
			buildRules = (
			);
			dependencies = (
			);
			name = StockPriceChart;
			productName = StockPriceChart;
			productReference = 65F7D2BB2DDE1EE100171243 /* StockPriceChart.app */;
			productType = "com.apple.product-type.application";
		};
/* End PBXNativeTarget section */

/* Begin PBXProject section */
		65F7D2B32DDE1EE100171243 /* Project object */ = {
			isa = PBXProject;
			attributes = {
				BuildIndependentTargetsInParallel = 1;
				LastSwiftUpdateCheck = 1340;
				LastUpgradeCheck = 1340;
				TargetAttributes = {
					65F7D2BA2DDE1EE100171243 = {
						CreatedOnToolsVersion = 13.4.1;
					};
				};
			};
			buildConfigurationList = 65F7D2B62DDE1EE100171243 /* Build configuration list for PBXProject "StockPriceChart" */;
			compatibilityVersion = "Xcode 13.0";
			developmentRegion = en;
			hasScannedForEncodings = 0;
			knownRegions = (
				en,
				Base,
			);
			mainGroup = 65F7D2B22DDE1EE100171243;
			productRefGroup = 65F7D2BC2DDE1EE100171243 /* Products */;
			projectDirPath = "";
			projectRoot = "";
			targets = (
				65F7D2BA2DDE1EE100171243 /* StockPriceChart */,
			);
		};
/* End PBXProject section */

/* Begin PBXResourcesBuildPhase section */
		65F7D2B92DDE1EE100171243 /* Resources */ = {
			isa = PBXResourcesBuildPhase;
			buildActionMask = 2147483647;
			files = (
				65F7D2C32DDE1EE200171243 /* Assets.xcassets in Resources */,
				65BCE0DF2DDE40EF002B55A6 /* AppIcon.icns in Resources */,
			);
			runOnlyForDeploymentPostprocessing = 0;
		};
/* End PBXResourcesBuildPhase section */

/* Begin PBXSourcesBuildPhase section */
		65F7D2B72DDE1EE100171243 /* Sources */ = {
			isa = PBXSourcesBuildPhase;
			buildActionMask = 2147483647;
			files = (
				65F7D2C12DDE1EE100171243 /* ViewController.swift in Sources */,
				65F7D2BF2DDE1EE100171243 /* AppDelegate.swift in Sources */,
				656DC6992DDE206F00304E7B /* main.swift in Sources */,
				65F7D2CE2DDE1F6B00171243 /* GraphView.swift in Sources */,
				65BCE0DB2DDE306B002B55A6 /* Models.swift in Sources */,
			);
			runOnlyForDeploymentPostprocessing = 0;
		};
/* End PBXSourcesBuildPhase section */

/* Begin XCBuildConfiguration section */
		65F7D2C82DDE1EE200171243 /* Debug */ = {
			isa = XCBuildConfiguration;
			buildSettings = {
				ALWAYS_SEARCH_USER_PATHS = NO;
				CLANG_ANALYZER_NONNULL = YES;
				CLANG_ANALYZER_NUMBER_OBJECT_CONVERSION = YES_AGGRESSIVE;
				CLANG_CXX_LANGUAGE_STANDARD = "gnu++17";
				CLANG_ENABLE_MODULES = YES;
				CLANG_ENABLE_OBJC_ARC = YES;
				CLANG_ENABLE_OBJC_WEAK = YES;
				CLANG_WARN_BLOCK_CAPTURE_AUTORELEASING = YES;
				CLANG_WARN_BOOL_CONVERSION = YES;
				CLANG_WARN_COMMA = YES;
				CLANG_WARN_CONSTANT_CONVERSION = YES;
				CLANG_WARN_DEPRECATED_OBJC_IMPLEMENTATIONS = YES;
				CLANG_WARN_DIRECT_OBJC_ISA_USAGE = YES_ERROR;
				CLANG_WARN_DOCUMENTATION_COMMENTS = YES;
				CLANG_WARN_EMPTY_BODY = YES;
				CLANG_WARN_ENUM_CONVERSION = YES;
				CLANG_WARN_INFINITE_RECURSION = YES;
				CLANG_WARN_INT_CONVERSION = YES;
				CLANG_WARN_NON_LITERAL_NULL_CONVERSION = YES;
				CLANG_WARN_OBJC_IMPLICIT_RETAIN_SELF = YES;
				CLANG_WARN_OBJC_LITERAL_CONVERSION = YES;
				CLANG_WARN_OBJC_ROOT_CLASS = YES_ERROR;
				CLANG_WARN_QUOTED_INCLUDE_IN_FRAMEWORK_HEADER = YES;
				CLANG_WARN_RANGE_LOOP_ANALYSIS = YES;
				CLANG_WARN_STRICT_PROTOTYPES = YES;
				CLANG_WARN_SUSPICIOUS_MOVE = YES;
				CLANG_WARN_UNGUARDED_AVAILABILITY = YES_AGGRESSIVE;
				CLANG_WARN_UNREACHABLE_CODE = YES;
				CLANG_WARN__DUPLICATE_METHOD_MATCH = YES;
				COPY_PHASE_STRIP = NO;
				DEBUG_INFORMATION_FORMAT = dwarf;
				ENABLE_STRICT_OBJC_MSGSEND = YES;
				ENABLE_TESTABILITY = YES;
				GCC_C_LANGUAGE_STANDARD = gnu11;
				GCC_DYNAMIC_NO_PIC = NO;
				GCC_NO_COMMON_BLOCKS = YES;
				GCC_OPTIMIZATION_LEVEL = 0;
				GCC_PREPROCESSOR_DEFINITIONS = (
					"DEBUG=1",
					"$(inherited)",
				);
				GCC_WARN_64_TO_32_BIT_CONVERSION = YES;
				GCC_WARN_ABOUT_RETURN_TYPE = YES_ERROR;
				GCC_WARN_UNDECLARED_SELECTOR = YES;
				GCC_WARN_UNINITIALIZED_AUTOS = YES_AGGRESSIVE;
				GCC_WARN_UNUSED_FUNCTION = YES;
				GCC_WARN_UNUSED_VARIABLE = YES;
				MACOSX_DEPLOYMENT_TARGET = 12.3;
				MTL_ENABLE_DEBUG_INFO = INCLUDE_SOURCE;
				MTL_FAST_MATH = YES;
				ONLY_ACTIVE_ARCH = YES;
				SDKROOT = macosx;
				SWIFT_ACTIVE_COMPILATION_CONDITIONS = DEBUG;
				SWIFT_OPTIMIZATION_LEVEL = "-Onone";
			};
			name = Debug;
		};
		65F7D2C92DDE1EE200171243 /* Release */ = {
			isa = XCBuildConfiguration;
			buildSettings = {
				ALWAYS_SEARCH_USER_PATHS = NO;
				CLANG_ANALYZER_NONNULL = YES;
				CLANG_ANALYZER_NUMBER_OBJECT_CONVERSION = YES_AGGRESSIVE;
				CLANG_CXX_LANGUAGE_STANDARD = "gnu++17";
				CLANG_ENABLE_MODULES = YES;
				CLANG_ENABLE_OBJC_ARC = YES;
				CLANG_ENABLE_OBJC_WEAK = YES;
				CLANG_WARN_BLOCK_CAPTURE_AUTORELEASING = YES;
				CLANG_WARN_BOOL_CONVERSION = YES;
				CLANG_WARN_COMMA = YES;
				CLANG_WARN_CONSTANT_CONVERSION = YES;
				CLANG_WARN_DEPRECATED_OBJC_IMPLEMENTATIONS = YES;
				CLANG_WARN_DIRECT_OBJC_ISA_USAGE = YES_ERROR;
				CLANG_WARN_DOCUMENTATION_COMMENTS = YES;
				CLANG_WARN_EMPTY_BODY = YES;
				CLANG_WARN_ENUM_CONVERSION = YES;
				CLANG_WARN_INFINITE_RECURSION = YES;
				CLANG_WARN_INT_CONVERSION = YES;
				CLANG_WARN_NON_LITERAL_NULL_CONVERSION = YES;
				CLANG_WARN_OBJC_IMPLICIT_RETAIN_SELF = YES;
				CLANG_WARN_OBJC_LITERAL_CONVERSION = YES;
				CLANG_WARN_OBJC_ROOT_CLASS = YES_ERROR;
				CLANG_WARN_QUOTED_INCLUDE_IN_FRAMEWORK_HEADER = YES;
				CLANG_WARN_RANGE_LOOP_ANALYSIS = YES;
				CLANG_WARN_STRICT_PROTOTYPES = YES;
				CLANG_WARN_SUSPICIOUS_MOVE = YES;
				CLANG_WARN_UNGUARDED_AVAILABILITY = YES_AGGRESSIVE;
				CLANG_WARN_UNREACHABLE_CODE = YES;
				CLANG_WARN__DUPLICATE_METHOD_MATCH = YES;
				COPY_PHASE_STRIP = NO;
				DEBUG_INFORMATION_FORMAT = "dwarf-with-dsym";
				ENABLE_NS_ASSERTIONS = NO;
				ENABLE_STRICT_OBJC_MSGSEND = YES;
				GCC_C_LANGUAGE_STANDARD = gnu11;
				GCC_NO_COMMON_BLOCKS = YES;
				GCC_WARN_64_TO_32_BIT_CONVERSION = YES;
				GCC_WARN_ABOUT_RETURN_TYPE = YES_ERROR;
				GCC_WARN_UNDECLARED_SELECTOR = YES;
				GCC_WARN_UNINITIALIZED_AUTOS = YES_AGGRESSIVE;
				GCC_WARN_UNUSED_FUNCTION = YES;
				GCC_WARN_UNUSED_VARIABLE = YES;
				MACOSX_DEPLOYMENT_TARGET = 12.3;
				MTL_ENABLE_DEBUG_INFO = NO;
				MTL_FAST_MATH = YES;
				SDKROOT = macosx;
				SWIFT_COMPILATION_MODE = wholemodule;
				SWIFT_OPTIMIZATION_LEVEL = "-O";
			};
			name = Release;
		};
		65F7D2CB2DDE1EE200171243 /* Debug */ = {
			isa = XCBuildConfiguration;
			buildSettings = {
				ASSETCATALOG_COMPILER_APPICON_NAME = AppIcon;
				ASSETCATALOG_COMPILER_GLOBAL_ACCENT_COLOR_NAME = AccentColor;
				ASSETCATALOG_COMPILER_INCLUDE_ALL_APPICON_ASSETS = YES;
				CODE_SIGN_ENTITLEMENTS = StockPriceChart/StockPriceChart.entitlements;
				CODE_SIGN_STYLE = Automatic;
				COMBINE_HIDPI_IMAGES = YES;
				CURRENT_PROJECT_VERSION = 1;
				GENERATE_INFOPLIST_FILE = YES;
				INFOPLIST_FILE = StockPriceChart/Info.plist;
				INFOPLIST_KEY_CFBundleDisplayName = "";
				INFOPLIST_KEY_LSApplicationCategoryType = "";
				INFOPLIST_KEY_NSHumanReadableCopyright = "";
				INFOPLIST_KEY_NSMainStoryboardFile = Main;
				INFOPLIST_KEY_NSPrincipalClass = NSApplication;
				LD_RUNPATH_SEARCH_PATHS = (
					"$(inherited)",
					"@executable_path/../Frameworks",
				);
				MACOSX_DEPLOYMENT_TARGET = 10.12;
				MARKETING_VERSION = 1.0;
				PRODUCT_BUNDLE_IDENTIFIER = pza.StockPriceChart;
				PRODUCT_NAME = "$(TARGET_NAME)";
				SWIFT_EMIT_LOC_STRINGS = YES;
				SWIFT_VERSION = 5.0;
			};
			name = Debug;
		};
		65F7D2CC2DDE1EE200171243 /* Release */ = {
			isa = XCBuildConfiguration;
			buildSettings = {
				ASSETCATALOG_COMPILER_APPICON_NAME = AppIcon;
				ASSETCATALOG_COMPILER_GLOBAL_ACCENT_COLOR_NAME = AccentColor;
				ASSETCATALOG_COMPILER_INCLUDE_ALL_APPICON_ASSETS = YES;
				CODE_SIGN_ENTITLEMENTS = StockPriceChart/StockPriceChart.entitlements;
				CODE_SIGN_STYLE = Automatic;
				COMBINE_HIDPI_IMAGES = YES;
				CURRENT_PROJECT_VERSION = 1;
				GENERATE_INFOPLIST_FILE = YES;
				INFOPLIST_FILE = StockPriceChart/Info.plist;
				INFOPLIST_KEY_CFBundleDisplayName = "";
				INFOPLIST_KEY_LSApplicationCategoryType = "";
				INFOPLIST_KEY_NSHumanReadableCopyright = "";
				INFOPLIST_KEY_NSMainStoryboardFile = Main;
				INFOPLIST_KEY_NSPrincipalClass = NSApplication;
				LD_RUNPATH_SEARCH_PATHS = (
					"$(inherited)",
					"@executable_path/../Frameworks",
				);
				MACOSX_DEPLOYMENT_TARGET = 10.12;
				MARKETING_VERSION = 1.0;
				PRODUCT_BUNDLE_IDENTIFIER = pza.StockPriceChart;
				PRODUCT_NAME = "$(TARGET_NAME)";
				SWIFT_EMIT_LOC_STRINGS = YES;
				SWIFT_VERSION = 5.0;
			};
			name = Release;
		};
/* End XCBuildConfiguration section */

/* Begin XCConfigurationList section */
		65F7D2B62DDE1EE100171243 /* Build configuration list for PBXProject "StockPriceChart" */ = {
			isa = XCConfigurationList;
			buildConfigurations = (
				65F7D2C82DDE1EE200171243 /* Debug */,
				65F7D2C92DDE1EE200171243 /* Release */,
			);
			defaultConfigurationIsVisible = 0;
			defaultConfigurationName = Release;
		};
		65F7D2CA2DDE1EE200171243 /* Build configuration list for PBXNativeTarget "StockPriceChart" */ = {
			isa = XCConfigurationList;
			buildConfigurations = (
				65F7D2CB2DDE1EE200171243 /* Debug */,
				65F7D2CC2DDE1EE200171243 /* Release */,
			);
			defaultConfigurationIsVisible = 0;
			defaultConfigurationName = Release;
		};
/* End XCConfigurationList section */
	};
	rootObject = 65F7D2B32DDE1EE100171243 /* Project object */;
}
